
Microsoft Visual Studio Solution File, Format Version 12.00
# Visual Studio 15
VisualStudioVersion = 15.0.28307.757
MinimumVisualStudioVersion = 10.0.40219.1
Project("{F184B08F-C81C-45F6-A57F-5ABD9991F28F}") = "XtraReportApp", "XtraReportApp\XtraReportApp.vbproj", "{1ED8924C-DE8E-4C0B-AFCA-DF704745F4DE}"
EndProject
Global
	GlobalSection(SolutionConfigurationPlatforms) = preSolution
		Debug|Any CPU = Debug|Any CPU
		Release|Any CPU = Release|Any CPU
	EndGlobalSection
	GlobalSection(ProjectConfigurationPlatforms) = postSolution
		{1ED8924C-DE8E-4C0B-AFCA-DF704745F4DE}.Debug|Any CPU.ActiveCfg = Debug|Any CPU
		{1ED8924C-DE8E-4C0B-AFCA-DF704745F4DE}.Debug|Any CPU.Build.0 = Debug|Any CPU
		{1ED8924C-DE8E-4C0B-AFCA-DF704745F4DE}.Release|Any CPU.ActiveCfg = Release|Any CPU
		{1ED8924C-DE8E-4C0B-AFCA-DF704745F4DE}.Release|Any CPU.Build.0 = Release|Any CPU
		EndGlobalSection
	GlobalSection(SolutionProperties) = preSolution
		HideSolutionNode = FALSE
	EndGlobalSection
	GlobalSection(ExtensibilityGlobals) = postSolution
		SolutionGuid = {F6C387CC-B203-4E75-8346-28F968AA969D}
	EndGlobalSection
EndGlobal
